
Microsoft Visual Studio Solution File, Format Version 12.00
# Visual Studio Version 17
VisualStudioVersion = 17.7.34024.191
MinimumVisualStudioVersion = 10.0.40219.1
Project("{FAE04EC0-301F-11D3-BF4B-00C04F79EFBC}") = "Tetris", "Tetris.csproj", "{60D4572A-FF3E-4445-989B-7132020733B1}"
EndProject
Global
	GlobalSection(SolutionConfigurationPlatforms) = preSolution
		Debug|Any CPU = Debug|Any CPU
		Release|Any CPU = Release|Any CPU
	EndGlobalSection
	GlobalSection(ProjectConfigurationPlatforms) = postSolution
		{60D4572A-FF3E-4445-989B-7132020733B1}.Debug|Any CPU.ActiveCfg = Debug|Any CPU
		{60D4572A-FF3E-4445-989B-7132020733B1}.Debug|Any CPU.Build.0 = Debug|Any CPU
		{60D4572A-FF3E-4445-989B-7132020733B1}.Release|Any CPU.ActiveCfg = Release|Any CPU
		{60D4572A-FF3E-4445-989B-7132020733B1}.Release|Any CPU.Build.0 = Release|Any CPU
	EndGlobalSection
	GlobalSection(SolutionProperties) = preSolution
		HideSolutionNode = FALSE
	EndGlobalSection
	GlobalSection(ExtensibilityGlobals) = postSolution
		SolutionGuid = {41B7E9FF-C731-4E98-A129-763B04E233A7}
	EndGlobalSection
EndGlobal
